
Microsoft Visual Studio Solution File, Format Version 12.00
# Visual Studio Version 17
VisualStudioVersion = 17.8.34309.116
MinimumVisualStudioVersion = 10.0.40219.1
Project("{FAE04EC0-301F-11D3-BF4B-00C04F79EFBC}") = "DistributedSystems", "DistributedSystems\DistributedSystems.csproj", "{5AB56239-89B2-454B-9EFE-64F98DF4FB83}"
EndProject
Global
	GlobalSection(SolutionConfigurationPlatforms) = preSolution
		Debug|Any CPU = Debug|Any CPU
		Release|Any CPU = Release|Any CPU
	EndGlobalSection
	GlobalSection(ProjectConfigurationPlatforms) = postSolution
		{5AB56239-89B2-454B-9EFE-64F98DF4FB83}.Debug|Any CPU.ActiveCfg = Debug|Any CPU
		{5AB56239-89B2-454B-9EFE-64F98DF4FB83}.Debug|Any CPU.Build.0 = Debug|Any CPU
		{5AB56239-89B2-454B-9EFE-64F98DF4FB83}.Release|Any CPU.ActiveCfg = Release|Any CPU
		{5AB56239-89B2-454B-9EFE-64F98DF4FB83}.Release|Any CPU.Build.0 = Release|Any CPU
	EndGlobalSection
	GlobalSection(SolutionProperties) = preSolution
		HideSolutionNode = FALSE
	EndGlobalSection
	GlobalSection(ExtensibilityGlobals) = postSolution
		SolutionGuid = {7E68E317-791C-417C-9FF7-38DF01F4007C}
	EndGlobalSection
EndGlobal
